// !$*UTF8*$!
{
	archiveVersion = 1;
	classes = {
	};
	objectVersion = 46;
	objects = {

/* Begin PBXBuildFile section */
		E41EE02A1B7E5F9000A92970 /* main.m in Sources */ = {isa = PBXBuildFile; fileRef = E41EE0291B7E5F9000A92970 /* main.m */; };
		E41EE02D1B7E5F9000A92970 /* AppDelegate.m in Sources */ = {isa = PBXBuildFile; fileRef = E41EE02C1B7E5F9000A92970 /* AppDelegate.m */; };
		E41EE0301B7E5F9000A92970 /* ViewController.m in Sources */ = {isa = PBXBuildFile; fileRef = E41EE02F1B7E5F9000A92970 /* ViewController.m */; };
		E41EE0331B7E5F9000A92970 /* Main.storyboard in Resources */ = {isa = PBXBuildFile; fileRef = E41EE0311B7E5F9000A92970 /* Main.storyboard */; };
		E41EE0351B7E5F9000A92970 /* Images.xcassets in Resources */ = {isa = PBXBuildFile; fileRef = E41EE0341B7E5F9000A92970 /* Images.xcassets */; };
		E41EE0381B7E5F9000A92970 /* LaunchScreen.xib in Resources */ = {isa = PBXBuildFile; fileRef = E41EE0361B7E5F9000A92970 /* LaunchScreen.xib */; };
		E41EE0441B7E5F9000A92970 /* VampireDetectorTests.m in Sources */ = {isa = PBXBuildFile; fileRef = E41EE0431B7E5F9000A92970 /* VampireDetectorTests.m */; };
		E41EE0501B7E603800A92970 /* MainActivityViewController.m in Sources */ = {isa = PBXBuildFile; fileRef = E41EE04F1B7E603800A92970 /* MainActivityViewController.m */; };
		E41EE0531B7E60CC00A92970 /* ApplicationControl.m in Sources */ = {isa = PBXBuildFile; fileRef = E41EE0521B7E60CC00A92970 /* ApplicationControl.m */; };
		E41EE0561B7E61F600A92970 /* VisionActivityViewController.m in Sources */ = {isa = PBXBuildFile; fileRef = E41EE0551B7E61F600A92970 /* VisionActivityViewController.m */; };
		E41EE0591B7E624900A92970 /* VisionViewController.m in Sources */ = {isa = PBXBuildFile; fileRef = E41EE0581B7E624900A92970 /* VisionViewController.m */; };
		E49E61091BAC4D7F00ED1DA7 /* RecticleUIView.m in Sources */ = {isa = PBXBuildFile; fileRef = E49E61081BAC4D7F00ED1DA7 /* RecticleUIView.m */; };
/* End PBXBuildFile section */

/* Begin PBXContainerItemProxy section */
		E41EE03E1B7E5F9000A92970 /* PBXContainerItemProxy */ = {
			isa = PBXContainerItemProxy;
			containerPortal = E41EE01C1B7E5F9000A92970 /* Project object */;
			proxyType = 1;
			remoteGlobalIDString = E41EE0231B7E5F9000A92970;
			remoteInfo = VampireDetector;
		};
/* End PBXContainerItemProxy section */

/* Begin PBXFileReference section */
		E41EE0241B7E5F9000A92970 /* VampireDetector.app */ = {isa = PBXFileReference; explicitFileType = wrapper.application; includeInIndex = 0; path = VampireDetector.app; sourceTree = BUILT_PRODUCTS_DIR; };
		E41EE0281B7E5F9000A92970 /* Info.plist */ = {isa = PBXFileReference; lastKnownFileType = text.plist.xml; path = Info.plist; sourceTree = "<group>"; };
		E41EE0291B7E5F9000A92970 /* main.m */ = {isa = PBXFileReference; lastKnownFileType = sourcecode.c.objc; path = main.m; sourceTree = "<group>"; };
		E41EE02B1B7E5F9000A92970 /* AppDelegate.h */ = {isa = PBXFileReference; lastKnownFileType = sourcecode.c.h; path = AppDelegate.h; sourceTree = "<group>"; };
		E41EE02C1B7E5F9000A92970 /* AppDelegate.m */ = {isa = PBXFileReference; lastKnownFileType = sourcecode.c.objc; path = AppDelegate.m; sourceTree = "<group>"; };
		E41EE02E1B7E5F9000A92970 /* ViewController.h */ = {isa = PBXFileReference; lastKnownFileType = sourcecode.c.h; path = ViewController.h; sourceTree = "<group>"; };
		E41EE02F1B7E5F9000A92970 /* ViewController.m */ = {isa = PBXFileReference; lastKnownFileType = sourcecode.c.objc; path = ViewController.m; sourceTree = "<group>"; };
		E41EE0321B7E5F9000A92970 /* Base */ = {isa = PBXFileReference; lastKnownFileType = file.storyboard; name = Base; path = Base.lproj/Main.storyboard; sourceTree = "<group>"; };
		E41EE0341B7E5F9000A92970 /* Images.xcassets */ = {isa = PBXFileReference; lastKnownFileType = folder.assetcatalog; path = Images.xcassets; sourceTree = "<group>"; };
		E41EE0371B7E5F9000A92970 /* Base */ = {isa = PBXFileReference; lastKnownFileType = file.xib; name = Base; path = Base.lproj/LaunchScreen.xib; sourceTree = "<group>"; };
		E41EE03D1B7E5F9000A92970 /* VampireDetectorTests.xctest */ = {isa = PBXFileReference; explicitFileType = wrapper.cfbundle; includeInIndex = 0; path = VampireDetectorTests.xctest; sourceTree = BUILT_PRODUCTS_DIR; };
		E41EE0421B7E5F9000A92970 /* Info.plist */ = {isa = PBXFileReference; lastKnownFileType = text.plist.xml; path = Info.plist; sourceTree = "<group>"; };
		E41EE0431B7E5F9000A92970 /* VampireDetectorTests.m */ = {isa = PBXFileReference; lastKnownFileType = sourcecode.c.objc; path = VampireDetectorTests.m; sourceTree = "<group>"; };
		E41EE04E1B7E602A00A92970 /* MainActivityViewController.h */ = {isa = PBXFileReference; lastKnownFileType = sourcecode.c.h; path = MainActivityViewController.h; sourceTree = "<group>"; };
		E41EE04F1B7E603800A92970 /* MainActivityViewController.m */ = {isa = PBXFileReference; fileEncoding = 4; lastKnownFileType = sourcecode.c.objc; path = MainActivityViewController.m; sourceTree = "<group>"; };
		E41EE0511B7E60BD00A92970 /* ApplicationControl.h */ = {isa = PBXFileReference; lastKnownFileType = sourcecode.c.h; path = ApplicationControl.h; sourceTree = "<group>"; };
		E41EE0521B7E60CC00A92970 /* ApplicationControl.m */ = {isa = PBXFileReference; fileEncoding = 4; lastKnownFileType = sourcecode.c.objc; path = ApplicationControl.m; sourceTree = "<group>"; };
		E41EE0541B7E61BC00A92970 /* VisionActivityViewController.h */ = {isa = PBXFileReference; lastKnownFileType = sourcecode.c.h; path = VisionActivityViewController.h; sourceTree = "<group>"; };
		E41EE0551B7E61F600A92970 /* VisionActivityViewController.m */ = {isa = PBXFileReference; fileEncoding = 4; lastKnownFileType = sourcecode.c.objc; path = VisionActivityViewController.m; sourceTree = "<group>"; };
		E41EE0571B7E623700A92970 /* VisionViewController.h */ = {isa = PBXFileReference; lastKnownFileType = sourcecode.c.h; path = VisionViewController.h; sourceTree = "<group>"; };
		E41EE0581B7E624900A92970 /* VisionViewController.m */ = {isa = PBXFileReference; fileEncoding = 4; lastKnownFileType = sourcecode.c.objc; path = VisionViewController.m; sourceTree = "<group>"; };
		E49E61071BAC4D6A00ED1DA7 /* RecticleUIView.h */ = {isa = PBXFileReference; lastKnownFileType = sourcecode.c.h; path = RecticleUIView.h; sourceTree = "<group>"; };
		E49E61081BAC4D7F00ED1DA7 /* RecticleUIView.m */ = {isa = PBXFileReference; fileEncoding = 4; lastKnownFileType = sourcecode.c.objc; path = RecticleUIView.m; sourceTree = "<group>"; };
/* End PBXFileReference section */

/* Begin PBXFrameworksBuildPhase section */
		E41EE0211B7E5F9000A92970 /* Frameworks */ = {
			isa = PBXFrameworksBuildPhase;
			buildActionMask = 2147483647;
			files = (
			);
			runOnlyForDeploymentPostprocessing = 0;
		};
		E41EE03A1B7E5F9000A92970 /* Frameworks */ = {
			isa = PBXFrameworksBuildPhase;
			buildActionMask = 2147483647;
			files = (
			);
			runOnlyForDeploymentPostprocessing = 0;
		};
/* End PBXFrameworksBuildPhase section */

/* Begin PBXGroup section */
		E41EE01B1B7E5F9000A92970 = {
			isa = PBXGroup;
			children = (
				E41EE0261B7E5F9000A92970 /* VampireDetector */,
				E41EE0401B7E5F9000A92970 /* VampireDetectorTests */,
				E41EE0251B7E5F9000A92970 /* Products */,
			);
			sourceTree = "<group>";
		};
		E41EE0251B7E5F9000A92970 /* Products */ = {
			isa = PBXGroup;
			children = (
				E41EE0241B7E5F9000A92970 /* VampireDetector.app */,
				E41EE03D1B7E5F9000A92970 /* VampireDetectorTests.xctest */,
			);
			name = Products;
			sourceTree = "<group>";
		};
		E41EE0261B7E5F9000A92970 /* VampireDetector */ = {
			isa = PBXGroup;
			children = (
				E41EE02B1B7E5F9000A92970 /* AppDelegate.h */,
				E41EE02C1B7E5F9000A92970 /* AppDelegate.m */,
				E41EE02E1B7E5F9000A92970 /* ViewController.h */,
				E41EE02F1B7E5F9000A92970 /* ViewController.m */,
				E41EE0311B7E5F9000A92970 /* Main.storyboard */,
				E41EE0341B7E5F9000A92970 /* Images.xcassets */,
				E41EE0361B7E5F9000A92970 /* LaunchScreen.xib */,
				E41EE0271B7E5F9000A92970 /* Supporting Files */,
				E41EE04E1B7E602A00A92970 /* MainActivityViewController.h */,
				E41EE04F1B7E603800A92970 /* MainActivityViewController.m */,
				E41EE0511B7E60BD00A92970 /* ApplicationControl.h */,
				E41EE0521B7E60CC00A92970 /* ApplicationControl.m */,
				E41EE0541B7E61BC00A92970 /* VisionActivityViewController.h */,
				E41EE0551B7E61F600A92970 /* VisionActivityViewController.m */,
				E41EE0571B7E623700A92970 /* VisionViewController.h */,
				E41EE0581B7E624900A92970 /* VisionViewController.m */,
				E49E61071BAC4D6A00ED1DA7 /* RecticleUIView.h */,
				E49E61081BAC4D7F00ED1DA7 /* RecticleUIView.m */,
			);
			path = VampireDetector;
			sourceTree = "<group>";
		};
		E41EE0271B7E5F9000A92970 /* Supporting Files */ = {
			isa = PBXGroup;
			children = (
				E41EE0281B7E5F9000A92970 /* Info.plist */,
				E41EE0291B7E5F9000A92970 /* main.m */,
			);
			name = "Supporting Files";
			sourceTree = "<group>";
		};
		E41EE0401B7E5F9000A92970 /* VampireDetectorTests */ = {
			isa = PBXGroup;
			children = (
				E41EE0431B7E5F9000A92970 /* VampireDetectorTests.m */,
				E41EE0411B7E5F9000A92970 /* Supporting Files */,
			);
			path = VampireDetectorTests;
			sourceTree = "<group>";
		};
		E41EE0411B7E5F9000A92970 /* Supporting Files */ = {
			isa = PBXGroup;
			children = (
				E41EE0421B7E5F9000A92970 /* Info.plist */,
			);
			name = "Supporting Files";
			sourceTree = "<group>";
		};
/* End PBXGroup section */

/* Begin PBXNativeTarget section */
		E41EE0231B7E5F9000A92970 /* VampireDetector */ = {
			isa = PBXNativeTarget;
			buildConfigurationList = E41EE0471B7E5F9000A92970 /* Build configuration list for PBXNativeTarget "VampireDetector" */;
			buildPhases = (
				E41EE0201B7E5F9000A92970 /* Sources */,
				E41EE0211B7E5F9000A92970 /* Frameworks */,
				E41EE0221B7E5F9000A92970 /* Resources */,
			);
			buildRules = (
			);
			dependencies = (
			);
			name = VampireDetector;
			productName = VampireDetector;
			productReference = E41EE0241B7E5F9000A92970 /* VampireDetector.app */;
			productType = "com.apple.product-type.application";
		};
		E41EE03C1B7E5F9000A92970 /* VampireDetectorTests */ = {
			isa = PBXNativeTarget;
			buildConfigurationList = E41EE04A1B7E5F9000A92970 /* Build configuration list for PBXNativeTarget "VampireDetectorTests" */;
			buildPhases = (
				E41EE0391B7E5F9000A92970 /* Sources */,
				E41EE03A1B7E5F9000A92970 /* Frameworks */,
				E41EE03B1B7E5F9000A92970 /* Resources */,
			);
			buildRules = (
			);
			dependencies = (
				E41EE03F1B7E5F9000A92970 /* PBXTargetDependency */,
			);
			name = VampireDetectorTests;
			productName = VampireDetectorTests;
			productReference = E41EE03D1B7E5F9000A92970 /* VampireDetectorTests.xctest */;
			productType = "com.apple.product-type.bundle.unit-test";
		};
/* End PBXNativeTarget section */

/* Begin PBXProject section */
		E41EE01C1B7E5F9000A92970 /* Project object */ = {
			isa = PBXProject;
			attributes = {
				LastUpgradeCheck = 0640;
				ORGANIZATIONNAME = Apollonarius;
				TargetAttributes = {
					E41EE0231B7E5F9000A92970 = {
						CreatedOnToolsVersion = 6.4;
						DevelopmentTeam = LQD82J8N4K;
					};
					E41EE03C1B7E5F9000A92970 = {
						CreatedOnToolsVersion = 6.4;
						TestTargetID = E41EE0231B7E5F9000A92970;
					};
				};
			};
			buildConfigurationList = E41EE01F1B7E5F9000A92970 /* Build configuration list for PBXProject "VampireDetector" */;
			compatibilityVersion = "Xcode 3.2";
			developmentRegion = English;
			hasScannedForEncodings = 0;
			knownRegions = (
				en,
				Base,
			);
			mainGroup = E41EE01B1B7E5F9000A92970;
			productRefGroup = E41EE0251B7E5F9000A92970 /* Products */;
			projectDirPath = "";
			projectRoot = "";
			targets = (
				E41EE0231B7E5F9000A92970 /* VampireDetector */,
				E41EE03C1B7E5F9000A92970 /* VampireDetectorTests */,
			);
		};
/* End PBXProject section */

/* Begin PBXResourcesBuildPhase section */
		E41EE0221B7E5F9000A92970 /* Resources */ = {
			isa = PBXResourcesBuildPhase;
			buildActionMask = 2147483647;
			files = (
				E41EE0331B7E5F9000A92970 /* Main.storyboard in Resources */,
				E41EE0381B7E5F9000A92970 /* LaunchScreen.xib in Resources */,
				E41EE0351B7E5F9000A92970 /* Images.xcassets in Resources */,
			);
			runOnlyForDeploymentPostprocessing = 0;
		};
		E41EE03B1B7E5F9000A92970 /* Resources */ = {
			isa = PBXResourcesBuildPhase;
			buildActionMask = 2147483647;
			files = (
			);
			runOnlyForDeploymentPostprocessing = 0;
		};
/* End PBXResourcesBuildPhase section */

/* Begin PBXSourcesBuildPhase section */
		E41EE0201B7E5F9000A92970 /* Sources */ = {
			isa = PBXSourcesBuildPhase;
			buildActionMask = 2147483647;
			files = (
				E41EE0531B7E60CC00A92970 /* ApplicationControl.m in Sources */,
				E41EE0561B7E61F600A92970 /* VisionActivityViewController.m in Sources */,
				E41EE0591B7E624900A92970 /* VisionViewController.m in Sources */,
				E41EE0501B7E603800A92970 /* MainActivityViewController.m in Sources */,
				E41EE0301B7E5F9000A92970 /* ViewController.m in Sources */,
				E41EE02D1B7E5F9000A92970 /* AppDelegate.m in Sources */,
				E41EE02A1B7E5F9000A92970 /* main.m in Sources */,
				E49E61091BAC4D7F00ED1DA7 /* RecticleUIView.m in Sources */,
			);
			runOnlyForDeploymentPostprocessing = 0;
		};
		E41EE0391B7E5F9000A92970 /* Sources */ = {
			isa = PBXSourcesBuildPhase;
			buildActionMask = 2147483647;
			files = (
				E41EE0441B7E5F9000A92970 /* VampireDetectorTests.m in Sources */,
			);
			runOnlyForDeploymentPostprocessing = 0;
		};
/* End PBXSourcesBuildPhase section */

/* Begin PBXTargetDependency section */
		E41EE03F1B7E5F9000A92970 /* PBXTargetDependency */ = {
			isa = PBXTargetDependency;
			target = E41EE0231B7E5F9000A92970 /* VampireDetector */;
			targetProxy = E41EE03E1B7E5F9000A92970 /* PBXContainerItemProxy */;
		};
/* End PBXTargetDependency section */

/* Begin PBXVariantGroup section */
		E41EE0311B7E5F9000A92970 /* Main.storyboard */ = {
			isa = PBXVariantGroup;
			children = (
				E41EE0321B7E5F9000A92970 /* Base */,
			);
			name = Main.storyboard;
			sourceTree = "<group>";
		};
		E41EE0361B7E5F9000A92970 /* LaunchScreen.xib */ = {
			isa = PBXVariantGroup;
			children = (
				E41EE0371B7E5F9000A92970 /* Base */,
			);
			name = LaunchScreen.xib;
			sourceTree = "<group>";
		};
/* End PBXVariantGroup section */

/* Begin XCBuildConfiguration section */
		E41EE0451B7E5F9000A92970 /* Debug */ = {
			isa = XCBuildConfiguration;
			buildSettings = {
				ALWAYS_SEARCH_USER_PATHS = NO;
				CLANG_CXX_LANGUAGE_STANDARD = "gnu++0x";
				CLANG_CXX_LIBRARY = "libc++";
				CLANG_ENABLE_MODULES = YES;
				CLANG_ENABLE_OBJC_ARC = YES;
				CLANG_WARN_BOOL_CONVERSION = YES;
				CLANG_WARN_CONSTANT_CONVERSION = YES;
				CLANG_WARN_DIRECT_OBJC_ISA_USAGE = YES_ERROR;
				CLANG_WARN_EMPTY_BODY = YES;
				CLANG_WARN_ENUM_CONVERSION = YES;
				CLANG_WARN_INT_CONVERSION = YES;
				CLANG_WARN_OBJC_ROOT_CLASS = YES_ERROR;
				CLANG_WARN_UNREACHABLE_CODE = YES;
				CLANG_WARN__DUPLICATE_METHOD_MATCH = YES;
				"CODE_SIGN_IDENTITY[sdk=iphoneos*]" = "iPhone Developer";
				COPY_PHASE_STRIP = NO;
				DEBUG_INFORMATION_FORMAT = "dwarf-with-dsym";
				ENABLE_STRICT_OBJC_MSGSEND = YES;
				GCC_C_LANGUAGE_STANDARD = gnu99;
				GCC_DYNAMIC_NO_PIC = NO;
				GCC_NO_COMMON_BLOCKS = YES;
				GCC_OPTIMIZATION_LEVEL = 0;
				GCC_PREPROCESSOR_DEFINITIONS = (
					"DEBUG=1",
					"$(inherited)",
				);
				GCC_SYMBOLS_PRIVATE_EXTERN = NO;
				GCC_WARN_64_TO_32_BIT_CONVERSION = YES;
				GCC_WARN_ABOUT_RETURN_TYPE = YES_ERROR;
				GCC_WARN_UNDECLARED_SELECTOR = YES;
				GCC_WARN_UNINITIALIZED_AUTOS = YES_AGGRESSIVE;
				GCC_WARN_UNUSED_FUNCTION = YES;
				GCC_WARN_UNUSED_VARIABLE = YES;
				IPHONEOS_DEPLOYMENT_TARGET = 8.4;
				MTL_ENABLE_DEBUG_INFO = YES;
				ONLY_ACTIVE_ARCH = YES;
				SDKROOT = iphoneos;
				TARGETED_DEVICE_FAMILY = "1,2";
			};
			name = Debug;
		};
		E41EE0461B7E5F9000A92970 /* Release */ = {
			isa = XCBuildConfiguration;
			buildSettings = {
				ALWAYS_SEARCH_USER_PATHS = NO;
				CLANG_CXX_LANGUAGE_STANDARD = "gnu++0x";
				CLANG_CXX_LIBRARY = "libc++";
				CLANG_ENABLE_MODULES = YES;
				CLANG_ENABLE_OBJC_ARC = YES;
				CLANG_WARN_BOOL_CONVERSION = YES;
				CLANG_WARN_CONSTANT_CONVERSION = YES;
				CLANG_WARN_DIRECT_OBJC_ISA_USAGE = YES_ERROR;
				CLANG_WARN_EMPTY_BODY = YES;
				CLANG_WARN_ENUM_CONVERSION = YES;
				CLANG_WARN_INT_CONVERSION = YES;
				CLANG_WARN_OBJC_ROOT_CLASS = YES_ERROR;
				CLANG_WARN_UNREACHABLE_CODE = YES;
				CLANG_WARN__DUPLICATE_METHOD_MATCH = YES;
				"CODE_SIGN_IDENTITY[sdk=iphoneos*]" = "iPhone Developer";
				COPY_PHASE_STRIP = NO;
				DEBUG_INFORMATION_FORMAT = "dwarf-with-dsym";
				ENABLE_NS_ASSERTIONS = NO;
				ENABLE_STRICT_OBJC_MSGSEND = YES;
				GCC_C_LANGUAGE_STANDARD = gnu99;
				GCC_NO_COMMON_BLOCKS = YES;
				GCC_WARN_64_TO_32_BIT_CONVERSION = YES;
				GCC_WARN_ABOUT_RETURN_TYPE = YES_ERROR;
				GCC_WARN_UNDECLARED_SELECTOR = YES;
				GCC_WARN_UNINITIALIZED_AUTOS = YES_AGGRESSIVE;
				GCC_WARN_UNUSED_FUNCTION = YES;
				GCC_WARN_UNUSED_VARIABLE = YES;
				IPHONEOS_DEPLOYMENT_TARGET = 8.4;
				MTL_ENABLE_DEBUG_INFO = NO;
				SDKROOT = iphoneos;
				TARGETED_DEVICE_FAMILY = "1,2";
				VALIDATE_PRODUCT = YES;
			};
			name = Release;
		};
		E41EE0481B7E5F9000A92970 /* Debug */ = {
			isa = XCBuildConfiguration;
			buildSettings = {
				ASSETCATALOG_COMPILER_APPICON_NAME = AppIcon;
				CODE_SIGN_IDENTITY = "iPhone Developer";
				INFOPLIST_FILE = VampireDetector/Info.plist;
				LD_RUNPATH_SEARCH_PATHS = "$(inherited) @executable_path/Frameworks";
				PRODUCT_NAME = "$(TARGET_NAME)";
			};
			name = Debug;
		};
		E41EE0491B7E5F9000A92970 /* Release */ = {
			isa = XCBuildConfiguration;
			buildSettings = {
				ASSETCATALOG_COMPILER_APPICON_NAME = AppIcon;
				CODE_SIGN_IDENTITY = "iPhone Developer";
				INFOPLIST_FILE = VampireDetector/Info.plist;
				LD_RUNPATH_SEARCH_PATHS = "$(inherited) @executable_path/Frameworks";
				PRODUCT_NAME = "$(TARGET_NAME)";
			};
			name = Release;
		};
		E41EE04B1B7E5F9000A92970 /* Debug */ = {
			isa = XCBuildConfiguration;
			buildSettings = {
				BUNDLE_LOADER = "$(TEST_HOST)";
				FRAMEWORK_SEARCH_PATHS = (
					"$(SDKROOT)/Developer/Library/Frameworks",
					"$(inherited)",
				);
				GCC_PREPROCESSOR_DEFINITIONS = (
					"DEBUG=1",
					"$(inherited)",
				);
				INFOPLIST_FILE = VampireDetectorTests/Info.plist;
				LD_RUNPATH_SEARCH_PATHS = "$(inherited) @executable_path/Frameworks @loader_path/Frameworks";
				PRODUCT_NAME = "$(TARGET_NAME)";
				TEST_HOST = "$(BUILT_PRODUCTS_DIR)/VampireDetector.app/VampireDetector";
			};
			name = Debug;
		};
		E41EE04C1B7E5F9000A92970 /* Release */ = {
			isa = XCBuildConfiguration;
			buildSettings = {
				BUNDLE_LOADER = "$(TEST_HOST)";
				FRAMEWORK_SEARCH_PATHS = (
					"$(SDKROOT)/Developer/Library/Frameworks",
					"$(inherited)",
				);
				INFOPLIST_FILE = VampireDetectorTests/Info.plist;
				LD_RUNPATH_SEARCH_PATHS = "$(inherited) @executable_path/Frameworks @loader_path/Frameworks";
				PRODUCT_NAME = "$(TARGET_NAME)";
				TEST_HOST = "$(BUILT_PRODUCTS_DIR)/VampireDetector.app/VampireDetector";
			};
			name = Release;
		};
/* End XCBuildConfiguration section */

/* Begin XCConfigurationList section */
		E41EE01F1B7E5F9000A92970 /* Build configuration list for PBXProject "VampireDetector" */ = {
			isa = XCConfigurationList;
			buildConfigurations = (
				E41EE0451B7E5F9000A92970 /* Debug */,
				E41EE0461B7E5F9000A92970 /* Release */,
			);
			defaultConfigurationIsVisible = 0;
			defaultConfigurationName = Release;
		};
		E41EE0471B7E5F9000A92970 /* Build configuration list for PBXNativeTarget "VampireDetector" */ = {
			isa = XCConfigurationList;
			buildConfigurations = (
				E41EE0481B7E5F9000A92970 /* Debug */,
				E41EE0491B7E5F9000A92970 /* Release */,
			);
			defaultConfigurationIsVisible = 0;
			defaultConfigurationName = Release;
		};
		E41EE04A1B7E5F9000A92970 /* Build configuration list for PBXNativeTarget "VampireDetectorTests" */ = {
			isa = XCConfigurationList;
			buildConfigurations = (
				E41EE04B1B7E5F9000A92970 /* Debug */,
				E41EE04C1B7E5F9000A92970 /* Release */,
			);
			defaultConfigurationIsVisible = 0;
			defaultConfigurationName = Release;
		};
/* End XCConfigurationList section */
	};
	rootObject = E41EE01C1B7E5F9000A92970 /* Project object */;
}
